
Microsoft Visual Studio Solution File, Format Version 12.00
# Visual Studio Version 17
VisualStudioVersion = 17.2.32602.215
MinimumVisualStudioVersion = 10.0.40219.1
Project("{FAE04EC0-301F-11D3-BF4B-00C04F79EFBC}") = "github1", "github1.csproj", "{5C0726CB-4339-4D7D-8285-C6574D6BB1B5}"
EndProject
Global
	GlobalSection(SolutionConfigurationPlatforms) = preSolution
		Debug|Any CPU = Debug|Any CPU
		Release|Any CPU = Release|Any CPU
	EndGlobalSection
	GlobalSection(ProjectConfigurationPlatforms) = postSolution
		{5C0726CB-4339-4D7D-8285-C6574D6BB1B5}.Debug|Any CPU.ActiveCfg = Debug|Any CPU
		{5C0726CB-4339-4D7D-8285-C6574D6BB1B5}.Debug|Any CPU.Build.0 = Debug|Any CPU
		{5C0726CB-4339-4D7D-8285-C6574D6BB1B5}.Release|Any CPU.ActiveCfg = Release|Any CPU
		{5C0726CB-4339-4D7D-8285-C6574D6BB1B5}.Release|Any CPU.Build.0 = Release|Any CPU
	EndGlobalSection
	GlobalSection(SolutionProperties) = preSolution
		HideSolutionNode = FALSE
	EndGlobalSection
	GlobalSection(ExtensibilityGlobals) = postSolution
		SolutionGuid = {7E5D6B42-1A2D-4D3C-837A-F3097A297084}
	EndGlobalSection
EndGlobal
